
Microsoft Visual Studio Solution File, Format Version 12.00
# Visual Studio Version 17
VisualStudioVersion = 17.7.34031.279
MinimumVisualStudioVersion = 10.0.40219.1
Project("{FAE04EC0-301F-11D3-BF4B-00C04F79EFBC}") = "MBR", "MBR\MBR.csproj", "{6CA212D9-AABD-49F3-98A1-6EC7C06B72EE}"
EndProject
Global
	GlobalSection(SolutionConfigurationPlatforms) = preSolution
		Debug|Any CPU = Debug|Any CPU
		Release|Any CPU = Release|Any CPU
	EndGlobalSection
	GlobalSection(ProjectConfigurationPlatforms) = postSolution
		{6CA212D9-AABD-49F3-98A1-6EC7C06B72EE}.Debug|Any CPU.ActiveCfg = Debug|Any CPU
		{6CA212D9-AABD-49F3-98A1-6EC7C06B72EE}.Debug|Any CPU.Build.0 = Debug|Any CPU
		{6CA212D9-AABD-49F3-98A1-6EC7C06B72EE}.Release|Any CPU.ActiveCfg = Release|Any CPU
		{6CA212D9-AABD-49F3-98A1-6EC7C06B72EE}.Release|Any CPU.Build.0 = Release|Any CPU
	EndGlobalSection
	GlobalSection(SolutionProperties) = preSolution
		HideSolutionNode = FALSE
	EndGlobalSection
	GlobalSection(ExtensibilityGlobals) = postSolution
		SolutionGuid = {EF9C1899-050E-4582-BF97-463F0D727B05}
	EndGlobalSection
EndGlobal
